
Microsoft Visual Studio Solution File, Format Version 12.00
# Visual Studio 15
VisualStudioVersion = 15.0.28307.136
MinimumVisualStudioVersion = 10.0.40219.1
Project("{9A19103F-16F7-4668-BE54-9A1E7A4F7556}") = "SOLID_S", "SOLID_S\SOLID_S.csproj", "{4D753C3D-9BCD-4AB2-A75F-09087014708D}"
EndProject
Project("{9A19103F-16F7-4668-BE54-9A1E7A4F7556}") = "SOLID_O", "SOLID_O\SOLID_O.csproj", "{05F0FE49-36EA-4320-8F86-73747465A5CC}"
EndProject
Project("{9A19103F-16F7-4668-BE54-9A1E7A4F7556}") = "SOLID_L", "SOLID_L\SOLID_L.csproj", "{2018AEDE-9D50-4D88-A54C-BF585E4F0AEF}"
EndProject
Project("{9A19103F-16F7-4668-BE54-9A1E7A4F7556}") = "SOLID_I", "SOLID_I\SOLID_I.csproj", "{B21FFC13-9C9F-4B7E-9323-69FD8CDB063F}"
EndProject
Project("{9A19103F-16F7-4668-BE54-9A1E7A4F7556}") = "SOLID_D", "SOLID_D\SOLID_D.csproj", "{3AF95F6B-1BC0-47B3-B9AB-4A104BF8E54B}"
EndProject
Project("{9A19103F-16F7-4668-BE54-9A1E7A4F7556}") = "Creational.Builder", "Creational.Builder\Creational.Builder.csproj", "{D190FE27-3656-465F-B287-31A3C0A5350D}"
EndProject
Project("{9A19103F-16F7-4668-BE54-9A1E7A4F7556}") = "Creational.Factories", "CreationFactories\Creational.Factories.csproj", "{9A12F040-E2E5-4DD5-85D5-7562FD425347}"
EndProject
Project("{9A19103F-16F7-4668-BE54-9A1E7A4F7556}") = "Creational.Prototype", "Creational.Prototype\Creational.Prototype.csproj", "{2E736D86-2D2A-450C-A0FA-D0E403325D90}"
EndProject
Project("{9A19103F-16F7-4668-BE54-9A1E7A4F7556}") = "Creational.Singleton", "Creational.Singleton\Creational.Singleton.csproj", "{A359F68F-A8BE-46F8-93BA-BBBED4AA909C}"
EndProject
Project("{9A19103F-16F7-4668-BE54-9A1E7A4F7556}") = "Creational.Singleton.Test", "Creational.Singleton.Test\Creational.Singleton.Test.csproj", "{0E80E8FA-6D5D-4B15-9733-D863B077D099}"
EndProject
Project("{FAE04EC0-301F-11D3-BF4B-00C04F79EFBC}") = "Behavioral.ChainOfResponsability", "Behavioral.ChainOfResponsability.MethodChain\Behavioral.ChainOfResponsability.csproj", "{712F207C-22E6-4538-97A7-E2E5B70BAE52}"
EndProject
Project("{9A19103F-16F7-4668-BE54-9A1E7A4F7556}") = "Behavioral.ChainOfResponsability.Test", "Behavioral.ChainOfResponsability.Test\Behavioral.ChainOfResponsability.Test.csproj", "{29AD56A3-3B74-4D81-8361-DE0A6943C46F}"
EndProject
Project("{FAE04EC0-301F-11D3-BF4B-00C04F79EFBC}") = "Structural.Adapter", "Structural.Adapter\Structural.Adapter.csproj", "{A1A661A1-0DBB-442A-A2E1-10A1B3AC1250}"
EndProject
Global
	GlobalSection(SolutionConfigurationPlatforms) = preSolution
		Debug|Any CPU = Debug|Any CPU
		Release|Any CPU = Release|Any CPU
	EndGlobalSection
	GlobalSection(ProjectConfigurationPlatforms) = postSolution
		{4D753C3D-9BCD-4AB2-A75F-09087014708D}.Debug|Any CPU.ActiveCfg = Debug|Any CPU
		{4D753C3D-9BCD-4AB2-A75F-09087014708D}.Debug|Any CPU.Build.0 = Debug|Any CPU
		{4D753C3D-9BCD-4AB2-A75F-09087014708D}.Release|Any CPU.ActiveCfg = Release|Any CPU
		{4D753C3D-9BCD-4AB2-A75F-09087014708D}.Release|Any CPU.Build.0 = Release|Any CPU
		{05F0FE49-36EA-4320-8F86-73747465A5CC}.Debug|Any CPU.ActiveCfg = Debug|Any CPU
		{05F0FE49-36EA-4320-8F86-73747465A5CC}.Debug|Any CPU.Build.0 = Debug|Any CPU
		{05F0FE49-36EA-4320-8F86-73747465A5CC}.Release|Any CPU.ActiveCfg = Release|Any CPU
		{05F0FE49-36EA-4320-8F86-73747465A5CC}.Release|Any CPU.Build.0 = Release|Any CPU
		{2018AEDE-9D50-4D88-A54C-BF585E4F0AEF}.Debug|Any CPU.ActiveCfg = Debug|Any CPU
		{2018AEDE-9D50-4D88-A54C-BF585E4F0AEF}.Debug|Any CPU.Build.0 = Debug|Any CPU
		{2018AEDE-9D50-4D88-A54C-BF585E4F0AEF}.Release|Any CPU.ActiveCfg = Release|Any CPU
		{2018AEDE-9D50-4D88-A54C-BF585E4F0AEF}.Release|Any CPU.Build.0 = Release|Any CPU
		{B21FFC13-9C9F-4B7E-9323-69FD8CDB063F}.Debug|Any CPU.ActiveCfg = Debug|Any CPU
		{B21FFC13-9C9F-4B7E-9323-69FD8CDB063F}.Debug|Any CPU.Build.0 = Debug|Any CPU
		{B21FFC13-9C9F-4B7E-9323-69FD8CDB063F}.Release|Any CPU.ActiveCfg = Release|Any CPU
		{B21FFC13-9C9F-4B7E-9323-69FD8CDB063F}.Release|Any CPU.Build.0 = Release|Any CPU
		{3AF95F6B-1BC0-47B3-B9AB-4A104BF8E54B}.Debug|Any CPU.ActiveCfg = Debug|Any CPU
		{3AF95F6B-1BC0-47B3-B9AB-4A104BF8E54B}.Debug|Any CPU.Build.0 = Debug|Any CPU
		{3AF95F6B-1BC0-47B3-B9AB-4A104BF8E54B}.Release|Any CPU.ActiveCfg = Release|Any CPU
		{3AF95F6B-1BC0-47B3-B9AB-4A104BF8E54B}.Release|Any CPU.Build.0 = Release|Any CPU
		{D190FE27-3656-465F-B287-31A3C0A5350D}.Debug|Any CPU.ActiveCfg = Debug|Any CPU
		{D190FE27-3656-465F-B287-31A3C0A5350D}.Debug|Any CPU.Build.0 = Debug|Any CPU
		{D190FE27-3656-465F-B287-31A3C0A5350D}.Release|Any CPU.ActiveCfg = Release|Any CPU
		{D190FE27-3656-465F-B287-31A3C0A5350D}.Release|Any CPU.Build.0 = Release|Any CPU
		{9A12F040-E2E5-4DD5-85D5-7562FD425347}.Debug|Any CPU.ActiveCfg = Debug|Any CPU
		{9A12F040-E2E5-4DD5-85D5-7562FD425347}.Debug|Any CPU.Build.0 = Debug|Any CPU
		{9A12F040-E2E5-4DD5-85D5-7562FD425347}.Release|Any CPU.ActiveCfg = Release|Any CPU
		{9A12F040-E2E5-4DD5-85D5-7562FD425347}.Release|Any CPU.Build.0 = Release|Any CPU
		{2E736D86-2D2A-450C-A0FA-D0E403325D90}.Debug|Any CPU.ActiveCfg = Debug|Any CPU
		{2E736D86-2D2A-450C-A0FA-D0E403325D90}.Debug|Any CPU.Build.0 = Debug|Any CPU
		{2E736D86-2D2A-450C-A0FA-D0E403325D90}.Release|Any CPU.ActiveCfg = Release|Any CPU
		{2E736D86-2D2A-450C-A0FA-D0E403325D90}.Release|Any CPU.Build.0 = Release|Any CPU
		{A359F68F-A8BE-46F8-93BA-BBBED4AA909C}.Debug|Any CPU.ActiveCfg = Debug|Any CPU
		{A359F68F-A8BE-46F8-93BA-BBBED4AA909C}.Debug|Any CPU.Build.0 = Debug|Any CPU
		{A359F68F-A8BE-46F8-93BA-BBBED4AA909C}.Release|Any CPU.ActiveCfg = Release|Any CPU
		{A359F68F-A8BE-46F8-93BA-BBBED4AA909C}.Release|Any CPU.Build.0 = Release|Any CPU
		{0E80E8FA-6D5D-4B15-9733-D863B077D099}.Debug|Any CPU.ActiveCfg = Debug|Any CPU
		{0E80E8FA-6D5D-4B15-9733-D863B077D099}.Debug|Any CPU.Build.0 = Debug|Any CPU
		{0E80E8FA-6D5D-4B15-9733-D863B077D099}.Release|Any CPU.ActiveCfg = Release|Any CPU
		{0E80E8FA-6D5D-4B15-9733-D863B077D099}.Release|Any CPU.Build.0 = Release|Any CPU
		{712F207C-22E6-4538-97A7-E2E5B70BAE52}.Debug|Any CPU.ActiveCfg = Debug|Any CPU
		{712F207C-22E6-4538-97A7-E2E5B70BAE52}.Debug|Any CPU.Build.0 = Debug|Any CPU
		{712F207C-22E6-4538-97A7-E2E5B70BAE52}.Release|Any CPU.ActiveCfg = Release|Any CPU
		{712F207C-22E6-4538-97A7-E2E5B70BAE52}.Release|Any CPU.Build.0 = Release|Any CPU
		{29AD56A3-3B74-4D81-8361-DE0A6943C46F}.Debug|Any CPU.ActiveCfg = Debug|Any CPU
		{29AD56A3-3B74-4D81-8361-DE0A6943C46F}.Debug|Any CPU.Build.0 = Debug|Any CPU
		{29AD56A3-3B74-4D81-8361-DE0A6943C46F}.Release|Any CPU.ActiveCfg = Release|Any CPU
		{29AD56A3-3B74-4D81-8361-DE0A6943C46F}.Release|Any CPU.Build.0 = Release|Any CPU
		{A1A661A1-0DBB-442A-A2E1-10A1B3AC1250}.Debug|Any CPU.ActiveCfg = Debug|Any CPU
		{A1A661A1-0DBB-442A-A2E1-10A1B3AC1250}.Debug|Any CPU.Build.0 = Debug|Any CPU
		{A1A661A1-0DBB-442A-A2E1-10A1B3AC1250}.Release|Any CPU.ActiveCfg = Release|Any CPU
		{A1A661A1-0DBB-442A-A2E1-10A1B3AC1250}.Release|Any CPU.Build.0 = Release|Any CPU
	EndGlobalSection
	GlobalSection(SolutionProperties) = preSolution
		HideSolutionNode = FALSE
	EndGlobalSection
	GlobalSection(ExtensibilityGlobals) = postSolution
		SolutionGuid = {809BC84D-82C1-4842-BBBE-7E3AB0300504}
	EndGlobalSection
EndGlobal
